
Microsoft Visual Studio Solution File, Format Version 12.00
# Visual Studio Version 17
VisualStudioVersion = 17.6.33723.286
MinimumVisualStudioVersion = 10.0.40219.1
Project("{FAE04EC0-301F-11D3-BF4B-00C04F79EFBC}") = "NetPortProxy", "NetPortProxy.csproj", "{E63B32B7-BF36-4AB9-967A-3A6EAE5A2A51}"
EndProject
Global
	GlobalSection(SolutionConfigurationPlatforms) = preSolution
		Debug|Any CPU = Debug|Any CPU
		Release|Any CPU = Release|Any CPU
	EndGlobalSection
	GlobalSection(ProjectConfigurationPlatforms) = postSolution
		{E63B32B7-BF36-4AB9-967A-3A6EAE5A2A51}.Debug|Any CPU.ActiveCfg = Debug|Any CPU
		{E63B32B7-BF36-4AB9-967A-3A6EAE5A2A51}.Debug|Any CPU.Build.0 = Debug|Any CPU
		{E63B32B7-BF36-4AB9-967A-3A6EAE5A2A51}.Release|Any CPU.ActiveCfg = Release|Any CPU
		{E63B32B7-BF36-4AB9-967A-3A6EAE5A2A51}.Release|Any CPU.Build.0 = Release|Any CPU
	EndGlobalSection
	GlobalSection(SolutionProperties) = preSolution
		HideSolutionNode = FALSE
	EndGlobalSection
	GlobalSection(ExtensibilityGlobals) = postSolution
		SolutionGuid = {5CB8C135-B829-48A9-9AAB-AC024F1A5117}
	EndGlobalSection
EndGlobal
